{
  "name": "underscores",
  "version": "1.0.0",
  "lockfileVersion": 1,
  "requires": true,
  "dependencies": {
    "jquery": {
      "version": "1.12.4",
      "resolved": "https://registry.npmjs.org/jquery/-/jquery-1.12.4.tgz",
      "integrity": "sha512-UEVp7PPK9xXYSk8xqXCJrkXnKZtlgWkd2GsAQbMRFK6S/ePU2JN5G2Zum8hIVjzR3CpdfSqdqAzId/xd4TJHeg=="
    },
    "jquery-form-styler": {
      "version": "2.0.2",
      "resolved": "https://registry.npmjs.org/jquery-form-styler/-/jquery-form-styler-2.0.2.tgz",
      "integrity": "sha512-gWjOmLq8waIqkt9oCCUspGLvknTesh3m8BjACl250Gb0XRs1ZeRBq3zNqQeDg/eaZjEEbDOS4Wcr4PMHI7IsMg==",
      "requires": {
        "jquery": "^1.7.0"
      }
    },
    "slim-select": {
      "version": "1.27.1",
      "resolved": "https://registry.npmjs.org/slim-select/-/slim-select-1.27.1.tgz",
      "integrity": "sha512-LvJ02cKKk6/jSHIcQv7dZwkQSXHLCVQR3v3lo8RJUssUUcmKPkpBmTpQ8au8KSMkxwca9+yeg+dO0iHAaVr5Aw=="
    }
  }
}
